
Microsoft Visual Studio Solution File, Format Version 10.00
# Visual C++ Express 2008
Project("{8BC9CEB8-8B4A-11D0-8D11-00A0C91BC942}") = "cdata_test_array", "cdata_test_array\cdata_test_array.vcproj", "{F7A2D803-FC42-4C42-B1E6-E794F94228BF}"
	ProjectSection(ProjectDependencies) = postProject
		{9CF29953-87A7-4A8E-A654-F813B2C225CE} = {9CF29953-87A7-4A8E-A654-F813B2C225CE}
		{BD3A95FA-A3DE-4B79-A889-A7E5ECA4B69C} = {BD3A95FA-A3DE-4B79-A889-A7E5ECA4B69C}
		{20FFC4C9-F44C-45F6-A827-4819B4DF3C9F} = {20FFC4C9-F44C-45F6-A827-4819B4DF3C9F}
	EndProjectSection
EndProject
Project("{8BC9CEB8-8B4A-11D0-8D11-00A0C91BC942}") = "cdata_test_btree", "cdata_test_btree\cdata_test_btree.vcproj", "{1BEF575B-34F0-46EA-8A72-107F8D5839CF}"
	ProjectSection(ProjectDependencies) = postProject
		{9CF29953-87A7-4A8E-A654-F813B2C225CE} = {9CF29953-87A7-4A8E-A654-F813B2C225CE}
		{BD3A95FA-A3DE-4B79-A889-A7E5ECA4B69C} = {BD3A95FA-A3DE-4B79-A889-A7E5ECA4B69C}
		{20FFC4C9-F44C-45F6-A827-4819B4DF3C9F} = {20FFC4C9-F44C-45F6-A827-4819B4DF3C9F}
	EndProjectSection
EndProject
Project("{8BC9CEB8-8B4A-11D0-8D11-00A0C91BC942}") = "cdata_test_list", "cdata_test_list\cdata_test_list.vcproj", "{B36A5019-E4A2-461D-9A27-5036B8B6BC38}"
	ProjectSection(ProjectDependencies) = postProject
		{9CF29953-87A7-4A8E-A654-F813B2C225CE} = {9CF29953-87A7-4A8E-A654-F813B2C225CE}
		{BD3A95FA-A3DE-4B79-A889-A7E5ECA4B69C} = {BD3A95FA-A3DE-4B79-A889-A7E5ECA4B69C}
		{20FFC4C9-F44C-45F6-A827-4819B4DF3C9F} = {20FFC4C9-F44C-45F6-A827-4819B4DF3C9F}
	EndProjectSection
EndProject
Project("{8BC9CEB8-8B4A-11D0-8D11-00A0C91BC942}") = "cdata_test_list_element", "cdata_test_list_element\cdata_test_list_element.vcproj", "{D073B570-5A1A-4B6B-8ADC-5FD6FEC64C67}"
	ProjectSection(ProjectDependencies) = postProject
		{9CF29953-87A7-4A8E-A654-F813B2C225CE} = {9CF29953-87A7-4A8E-A654-F813B2C225CE}
		{BD3A95FA-A3DE-4B79-A889-A7E5ECA4B69C} = {BD3A95FA-A3DE-4B79-A889-A7E5ECA4B69C}
		{20FFC4C9-F44C-45F6-A827-4819B4DF3C9F} = {20FFC4C9-F44C-45F6-A827-4819B4DF3C9F}
	EndProjectSection
EndProject
Project("{8BC9CEB8-8B4A-11D0-8D11-00A0C91BC942}") = "cdata_test_range_list", "cdata_test_range_list\cdata_test_range_list.vcproj", "{7993BEFC-1B5E-48FD-9D99-CD979FC39564}"
	ProjectSection(ProjectDependencies) = postProject
		{9CF29953-87A7-4A8E-A654-F813B2C225CE} = {9CF29953-87A7-4A8E-A654-F813B2C225CE}
		{BD3A95FA-A3DE-4B79-A889-A7E5ECA4B69C} = {BD3A95FA-A3DE-4B79-A889-A7E5ECA4B69C}
		{20FFC4C9-F44C-45F6-A827-4819B4DF3C9F} = {20FFC4C9-F44C-45F6-A827-4819B4DF3C9F}
	EndProjectSection
EndProject
Project("{8BC9CEB8-8B4A-11D0-8D11-00A0C91BC942}") = "cdata_test_tree_node", "cdata_test_tree_node\cdata_test_tree_node.vcproj", "{CB454909-EBEC-41E6-A704-8060605E00B9}"
	ProjectSection(ProjectDependencies) = postProject
		{9CF29953-87A7-4A8E-A654-F813B2C225CE} = {9CF29953-87A7-4A8E-A654-F813B2C225CE}
		{BD3A95FA-A3DE-4B79-A889-A7E5ECA4B69C} = {BD3A95FA-A3DE-4B79-A889-A7E5ECA4B69C}
		{20FFC4C9-F44C-45F6-A827-4819B4DF3C9F} = {20FFC4C9-F44C-45F6-A827-4819B4DF3C9F}
	EndProjectSection
EndProject
Project("{8BC9CEB8-8B4A-11D0-8D11-00A0C91BC942}") = "libcthreads", "libcthreads\libcthreads.vcproj", "{8AFAA2C6-E025-4B45-B96F-A27D04C6115A}"
	ProjectSection(ProjectDependencies) = postProject
		{20FFC4C9-F44C-45F6-A827-4819B4DF3C9F} = {20FFC4C9-F44C-45F6-A827-4819B4DF3C9F}
		{BD3A95FA-A3DE-4B79-A889-A7E5ECA4B69C} = {BD3A95FA-A3DE-4B79-A889-A7E5ECA4B69C}
	EndProjectSection
EndProject
Project("{8BC9CEB8-8B4A-11D0-8D11-00A0C91BC942}") = "libcstring", "libcstring\libcstring.vcproj", "{20FFC4C9-F44C-45F6-A827-4819B4DF3C9F}"
EndProject
Project("{8BC9CEB8-8B4A-11D0-8D11-00A0C91BC942}") = "libcerror", "libcerror\libcerror.vcproj", "{BD3A95FA-A3DE-4B79-A889-A7E5ECA4B69C}"
	ProjectSection(ProjectDependencies) = postProject
		{20FFC4C9-F44C-45F6-A827-4819B4DF3C9F} = {20FFC4C9-F44C-45F6-A827-4819B4DF3C9F}
	EndProjectSection
EndProject
Project("{8BC9CEB8-8B4A-11D0-8D11-00A0C91BC942}") = "libcdata", "libcdata\libcdata.vcproj", "{9CF29953-87A7-4A8E-A654-F813B2C225CE}"
	ProjectSection(ProjectDependencies) = postProject
		{20FFC4C9-F44C-45F6-A827-4819B4DF3C9F} = {20FFC4C9-F44C-45F6-A827-4819B4DF3C9F}
		{BD3A95FA-A3DE-4B79-A889-A7E5ECA4B69C} = {BD3A95FA-A3DE-4B79-A889-A7E5ECA4B69C}
		{8AFAA2C6-E025-4B45-B96F-A27D04C6115A} = {8AFAA2C6-E025-4B45-B96F-A27D04C6115A}
	EndProjectSection
EndProject
Global
	GlobalSection(SolutionConfigurationPlatforms) = preSolution
		Release|Win32 = Release|Win32
		VSDebug|Win32 = VSDebug|Win32
	EndGlobalSection
	GlobalSection(ProjectConfigurationPlatforms) = postSolution
		{F7A2D803-FC42-4C42-B1E6-E794F94228BF}.Release|Win32.ActiveCfg = Release|Win32
		{F7A2D803-FC42-4C42-B1E6-E794F94228BF}.Release|Win32.Build.0 = Release|Win32
		{F7A2D803-FC42-4C42-B1E6-E794F94228BF}.VSDebug|Win32.ActiveCfg = VSDebug|Win32
		{F7A2D803-FC42-4C42-B1E6-E794F94228BF}.VSDebug|Win32.Build.0 = VSDebug|Win32
		{1BEF575B-34F0-46EA-8A72-107F8D5839CF}.Release|Win32.ActiveCfg = Release|Win32
		{1BEF575B-34F0-46EA-8A72-107F8D5839CF}.Release|Win32.Build.0 = Release|Win32
		{1BEF575B-34F0-46EA-8A72-107F8D5839CF}.VSDebug|Win32.ActiveCfg = VSDebug|Win32
		{1BEF575B-34F0-46EA-8A72-107F8D5839CF}.VSDebug|Win32.Build.0 = VSDebug|Win32
		{B36A5019-E4A2-461D-9A27-5036B8B6BC38}.Release|Win32.ActiveCfg = Release|Win32
		{B36A5019-E4A2-461D-9A27-5036B8B6BC38}.Release|Win32.Build.0 = Release|Win32
		{B36A5019-E4A2-461D-9A27-5036B8B6BC38}.VSDebug|Win32.ActiveCfg = VSDebug|Win32
		{B36A5019-E4A2-461D-9A27-5036B8B6BC38}.VSDebug|Win32.Build.0 = VSDebug|Win32
		{D073B570-5A1A-4B6B-8ADC-5FD6FEC64C67}.Release|Win32.ActiveCfg = Release|Win32
		{D073B570-5A1A-4B6B-8ADC-5FD6FEC64C67}.Release|Win32.Build.0 = Release|Win32
		{D073B570-5A1A-4B6B-8ADC-5FD6FEC64C67}.VSDebug|Win32.ActiveCfg = VSDebug|Win32
		{D073B570-5A1A-4B6B-8ADC-5FD6FEC64C67}.VSDebug|Win32.Build.0 = VSDebug|Win32
		{7993BEFC-1B5E-48FD-9D99-CD979FC39564}.Release|Win32.ActiveCfg = Release|Win32
		{7993BEFC-1B5E-48FD-9D99-CD979FC39564}.Release|Win32.Build.0 = Release|Win32
		{7993BEFC-1B5E-48FD-9D99-CD979FC39564}.VSDebug|Win32.ActiveCfg = VSDebug|Win32
		{7993BEFC-1B5E-48FD-9D99-CD979FC39564}.VSDebug|Win32.Build.0 = VSDebug|Win32
		{CB454909-EBEC-41E6-A704-8060605E00B9}.Release|Win32.ActiveCfg = Release|Win32
		{CB454909-EBEC-41E6-A704-8060605E00B9}.Release|Win32.Build.0 = Release|Win32
		{CB454909-EBEC-41E6-A704-8060605E00B9}.VSDebug|Win32.ActiveCfg = VSDebug|Win32
		{CB454909-EBEC-41E6-A704-8060605E00B9}.VSDebug|Win32.Build.0 = VSDebug|Win32
		{8AFAA2C6-E025-4B45-B96F-A27D04C6115A}.Release|Win32.ActiveCfg = Release|Win32
		{8AFAA2C6-E025-4B45-B96F-A27D04C6115A}.Release|Win32.Build.0 = Release|Win32
		{8AFAA2C6-E025-4B45-B96F-A27D04C6115A}.VSDebug|Win32.ActiveCfg = VSDebug|Win32
		{8AFAA2C6-E025-4B45-B96F-A27D04C6115A}.VSDebug|Win32.Build.0 = VSDebug|Win32
		{20FFC4C9-F44C-45F6-A827-4819B4DF3C9F}.Release|Win32.ActiveCfg = Release|Win32
		{20FFC4C9-F44C-45F6-A827-4819B4DF3C9F}.Release|Win32.Build.0 = Release|Win32
		{20FFC4C9-F44C-45F6-A827-4819B4DF3C9F}.VSDebug|Win32.ActiveCfg = VSDebug|Win32
		{20FFC4C9-F44C-45F6-A827-4819B4DF3C9F}.VSDebug|Win32.Build.0 = VSDebug|Win32
		{BD3A95FA-A3DE-4B79-A889-A7E5ECA4B69C}.Release|Win32.ActiveCfg = Release|Win32
		{BD3A95FA-A3DE-4B79-A889-A7E5ECA4B69C}.Release|Win32.Build.0 = Release|Win32
		{BD3A95FA-A3DE-4B79-A889-A7E5ECA4B69C}.VSDebug|Win32.ActiveCfg = VSDebug|Win32
		{BD3A95FA-A3DE-4B79-A889-A7E5ECA4B69C}.VSDebug|Win32.Build.0 = VSDebug|Win32
		{9CF29953-87A7-4A8E-A654-F813B2C225CE}.Release|Win32.ActiveCfg = Release|Win32
		{9CF29953-87A7-4A8E-A654-F813B2C225CE}.Release|Win32.Build.0 = Release|Win32
		{9CF29953-87A7-4A8E-A654-F813B2C225CE}.VSDebug|Win32.ActiveCfg = VSDebug|Win32
		{9CF29953-87A7-4A8E-A654-F813B2C225CE}.VSDebug|Win32.Build.0 = VSDebug|Win32
	EndGlobalSection
	GlobalSection(SolutionProperties) = preSolution
		HideSolutionNode = FALSE
	EndGlobalSection
EndGlobal
